
Microsoft Visual Studio Solution File, Format Version 12.00
# Visual Studio 15
VisualStudioVersion = 15.0.26730.16
MinimumVisualStudioVersion = 10.0.40219.1
Project("{FAE04EC0-301F-11D3-BF4B-00C04F79EFBC}") = "AltWebsite", "AltWebsite\AltWebsite.csproj", "{E71B9112-5355-42EE-9256-7498A31B92D4}"
EndProject
Project("{FAE04EC0-301F-11D3-BF4B-00C04F79EFBC}") = "AltWebsite.Tests", "AltWebsite.Tests\AltWebsite.Tests.csproj", "{0CD36BF5-EBC2-48A2-8467-09BCB4FE37A6}"
EndProject
Global
	GlobalSection(SolutionConfigurationPlatforms) = preSolution
		Debug|Any CPU = Debug|Any CPU
		Release|Any CPU = Release|Any CPU
	EndGlobalSection
	GlobalSection(ProjectConfigurationPlatforms) = postSolution
		{E71B9112-5355-42EE-9256-7498A31B92D4}.Debug|Any CPU.ActiveCfg = Debug|Any CPU
		{E71B9112-5355-42EE-9256-7498A31B92D4}.Debug|Any CPU.Build.0 = Debug|Any CPU
		{E71B9112-5355-42EE-9256-7498A31B92D4}.Release|Any CPU.ActiveCfg = Release|Any CPU
		{E71B9112-5355-42EE-9256-7498A31B92D4}.Release|Any CPU.Build.0 = Release|Any CPU
		{0CD36BF5-EBC2-48A2-8467-09BCB4FE37A6}.Debug|Any CPU.ActiveCfg = Debug|Any CPU
		{0CD36BF5-EBC2-48A2-8467-09BCB4FE37A6}.Debug|Any CPU.Build.0 = Debug|Any CPU
		{0CD36BF5-EBC2-48A2-8467-09BCB4FE37A6}.Release|Any CPU.ActiveCfg = Release|Any CPU
		{0CD36BF5-EBC2-48A2-8467-09BCB4FE37A6}.Release|Any CPU.Build.0 = Release|Any CPU
	EndGlobalSection
	GlobalSection(SolutionProperties) = preSolution
		HideSolutionNode = FALSE
	EndGlobalSection
	GlobalSection(ExtensibilityGlobals) = postSolution
		SolutionGuid = {7613B520-A652-4FCB-8A7F-5CA2B70B4732}
	EndGlobalSection
EndGlobal
